// !$*UTF8*$!
{
	archiveVersion = 1;
	classes = {
	};
	objectVersion = 46;
	objects = {

/* Begin PBXBuildFile section */
		4F2009F71E8395FE00ADBC44 /* main.m in Sources */ = {isa = PBXBuildFile; fileRef = 4F2009F61E8395FE00ADBC44 /* main.m */; };
		4F200A001E8395FE00ADBC44 /* Main.storyboard in Resources */ = {isa = PBXBuildFile; fileRef = 4F2009FE1E8395FE00ADBC44 /* Main.storyboard */; };
		4F200A021E8395FE00ADBC44 /* Assets.xcassets in Resources */ = {isa = PBXBuildFile; fileRef = 4F200A011E8395FE00ADBC44 /* Assets.xcassets */; };
		4F200A051E8395FE00ADBC44 /* LaunchScreen.storyboard in Resources */ = {isa = PBXBuildFile; fileRef = 4F200A031E8395FE00ADBC44 /* LaunchScreen.storyboard */; };
		4F200A101E8395FE00ADBC44 /* ZNNineGridUnlockUITests.m in Sources */ = {isa = PBXBuildFile; fileRef = 4F200A0F1E8395FE00ADBC44 /* ZNNineGridUnlockUITests.m */; };
		4F200A1D1E8396BA00ADBC44 /* AppDelegate.m in Sources */ = {isa = PBXBuildFile; fileRef = 4F200A1C1E8396BA00ADBC44 /* AppDelegate.m */; };
		4F200A241E8396CF00ADBC44 /* ViewController.m in Sources */ = {isa = PBXBuildFile; fileRef = 4F200A201E8396CF00ADBC44 /* ViewController.m */; };
		4F200A271E83971E00ADBC44 /* ZNNineGridsUnlockView.m in Sources */ = {isa = PBXBuildFile; fileRef = 4F200A261E83971E00ADBC44 /* ZNNineGridsUnlockView.m */; };
		4FC27EC61F441800008DAEB7 /* display.gif in Resources */ = {isa = PBXBuildFile; fileRef = 4FC27EC51F441800008DAEB7 /* display.gif */; };
/* End PBXBuildFile section */

/* Begin PBXContainerItemProxy section */
		4F200A0C1E8395FE00ADBC44 /* PBXContainerItemProxy */ = {
			isa = PBXContainerItemProxy;
			containerPortal = 4F2009EA1E8395FE00ADBC44 /* Project object */;
			proxyType = 1;
			remoteGlobalIDString = 4F2009F11E8395FE00ADBC44;
			remoteInfo = ZNNineGridUnlock;
		};
/* End PBXContainerItemProxy section */

/* Begin PBXFileReference section */
		4F2009F21E8395FE00ADBC44 /* ZNNineGridUnlock.app */ = {isa = PBXFileReference; explicitFileType = wrapper.application; includeInIndex = 0; path = ZNNineGridUnlock.app; sourceTree = BUILT_PRODUCTS_DIR; };
		4F2009F61E8395FE00ADBC44 /* main.m */ = {isa = PBXFileReference; lastKnownFileType = sourcecode.c.objc; path = main.m; sourceTree = "<group>"; };
		4F2009FF1E8395FE00ADBC44 /* Base */ = {isa = PBXFileReference; lastKnownFileType = file.storyboard; name = Base; path = Base.lproj/Main.storyboard; sourceTree = "<group>"; };
		4F200A011E8395FE00ADBC44 /* Assets.xcassets */ = {isa = PBXFileReference; lastKnownFileType = folder.assetcatalog; path = Assets.xcassets; sourceTree = "<group>"; };
		4F200A041E8395FE00ADBC44 /* Base */ = {isa = PBXFileReference; lastKnownFileType = file.storyboard; name = Base; path = Base.lproj/LaunchScreen.storyboard; sourceTree = "<group>"; };
		4F200A061E8395FE00ADBC44 /* Info.plist */ = {isa = PBXFileReference; lastKnownFileType = text.plist.xml; path = Info.plist; sourceTree = "<group>"; };
		4F200A0B1E8395FE00ADBC44 /* ZNNineGridUnlockUITests.xctest */ = {isa = PBXFileReference; explicitFileType = wrapper.cfbundle; includeInIndex = 0; path = ZNNineGridUnlockUITests.xctest; sourceTree = BUILT_PRODUCTS_DIR; };
		4F200A0F1E8395FE00ADBC44 /* ZNNineGridUnlockUITests.m */ = {isa = PBXFileReference; lastKnownFileType = sourcecode.c.objc; path = ZNNineGridUnlockUITests.m; sourceTree = "<group>"; };
		4F200A111E8395FE00ADBC44 /* Info.plist */ = {isa = PBXFileReference; lastKnownFileType = text.plist.xml; path = Info.plist; sourceTree = "<group>"; };
		4F200A1B1E8396BA00ADBC44 /* AppDelegate.h */ = {isa = PBXFileReference; fileEncoding = 4; lastKnownFileType = sourcecode.c.h; path = AppDelegate.h; sourceTree = "<group>"; };
		4F200A1C1E8396BA00ADBC44 /* AppDelegate.m */ = {isa = PBXFileReference; fileEncoding = 4; lastKnownFileType = sourcecode.c.objc; path = AppDelegate.m; sourceTree = "<group>"; };
		4F200A1F1E8396CF00ADBC44 /* ViewController.h */ = {isa = PBXFileReference; fileEncoding = 4; lastKnownFileType = sourcecode.c.h; path = ViewController.h; sourceTree = "<group>"; };
		4F200A201E8396CF00ADBC44 /* ViewController.m */ = {isa = PBXFileReference; fileEncoding = 4; lastKnownFileType = sourcecode.c.objc; path = ViewController.m; sourceTree = "<group>"; };
		4F200A251E83971E00ADBC44 /* ZNNineGridsUnlockView.h */ = {isa = PBXFileReference; fileEncoding = 4; lastKnownFileType = sourcecode.c.h; path = ZNNineGridsUnlockView.h; sourceTree = "<group>"; };
		4F200A261E83971E00ADBC44 /* ZNNineGridsUnlockView.m */ = {isa = PBXFileReference; fileEncoding = 4; lastKnownFileType = sourcecode.c.objc; path = ZNNineGridsUnlockView.m; sourceTree = "<group>"; };
		4F200A281E83973800ADBC44 /* ZNUnlockCallBack.h */ = {isa = PBXFileReference; lastKnownFileType = sourcecode.c.h; path = ZNUnlockCallBack.h; sourceTree = "<group>"; };
		4FC27EC51F441800008DAEB7 /* display.gif */ = {isa = PBXFileReference; lastKnownFileType = image.gif; path = display.gif; sourceTree = "<group>"; };
/* End PBXFileReference section */

/* Begin PBXFrameworksBuildPhase section */
		4F2009EF1E8395FE00ADBC44 /* Frameworks */ = {
			isa = PBXFrameworksBuildPhase;
			buildActionMask = 2147483647;
			files = (
			);
			runOnlyForDeploymentPostprocessing = 0;
		};
		4F200A081E8395FE00ADBC44 /* Frameworks */ = {
			isa = PBXFrameworksBuildPhase;
			buildActionMask = 2147483647;
			files = (
			);
			runOnlyForDeploymentPostprocessing = 0;
		};
/* End PBXFrameworksBuildPhase section */

/* Begin PBXGroup section */
		4F2009E91E8395FE00ADBC44 = {
			isa = PBXGroup;
			children = (
				4F2009F41E8395FE00ADBC44 /* ZNNineGridUnlock */,
				4F200A0E1E8395FE00ADBC44 /* ZNNineGridUnlockUITests */,
				4F2009F31E8395FE00ADBC44 /* Products */,
			);
			sourceTree = "<group>";
		};
		4F2009F31E8395FE00ADBC44 /* Products */ = {
			isa = PBXGroup;
			children = (
				4F2009F21E8395FE00ADBC44 /* ZNNineGridUnlock.app */,
				4F200A0B1E8395FE00ADBC44 /* ZNNineGridUnlockUITests.xctest */,
			);
			name = Products;
			sourceTree = "<group>";
		};
		4F2009F41E8395FE00ADBC44 /* ZNNineGridUnlock */ = {
			isa = PBXGroup;
			children = (
				4FC27EC41F441800008DAEB7 /* display */,
				4F200A1A1E8396BA00ADBC44 /* AppDelegate */,
				4F200A1E1E8396CF00ADBC44 /* Controller */,
				4F200A211E8396CF00ADBC44 /* ZNNineGridUnlockView */,
				4F2009FE1E8395FE00ADBC44 /* Main.storyboard */,
				4F200A011E8395FE00ADBC44 /* Assets.xcassets */,
				4F200A031E8395FE00ADBC44 /* LaunchScreen.storyboard */,
				4F200A061E8395FE00ADBC44 /* Info.plist */,
				4F2009F51E8395FE00ADBC44 /* Supporting Files */,
			);
			path = ZNNineGridUnlock;
			sourceTree = "<group>";
		};
		4F2009F51E8395FE00ADBC44 /* Supporting Files */ = {
			isa = PBXGroup;
			children = (
				4F2009F61E8395FE00ADBC44 /* main.m */,
			);
			name = "Supporting Files";
			sourceTree = "<group>";
		};
		4F200A0E1E8395FE00ADBC44 /* ZNNineGridUnlockUITests */ = {
			isa = PBXGroup;
			children = (
				4F200A0F1E8395FE00ADBC44 /* ZNNineGridUnlockUITests.m */,
				4F200A111E8395FE00ADBC44 /* Info.plist */,
			);
			path = ZNNineGridUnlockUITests;
			sourceTree = "<group>";
		};
		4F200A1A1E8396BA00ADBC44 /* AppDelegate */ = {
			isa = PBXGroup;
			children = (
				4F200A1B1E8396BA00ADBC44 /* AppDelegate.h */,
				4F200A1C1E8396BA00ADBC44 /* AppDelegate.m */,
			);
			path = AppDelegate;
			sourceTree = "<group>";
		};
		4F200A1E1E8396CF00ADBC44 /* Controller */ = {
			isa = PBXGroup;
			children = (
				4F200A1F1E8396CF00ADBC44 /* ViewController.h */,
				4F200A201E8396CF00ADBC44 /* ViewController.m */,
			);
			path = Controller;
			sourceTree = "<group>";
		};
		4F200A211E8396CF00ADBC44 /* ZNNineGridUnlockView */ = {
			isa = PBXGroup;
			children = (
				4F200A221E8396CF00ADBC44 /* DelegateProtocol */,
				4F200A231E8396CF00ADBC44 /* ViewClass */,
			);
			path = ZNNineGridUnlockView;
			sourceTree = "<group>";
		};
		4F200A221E8396CF00ADBC44 /* DelegateProtocol */ = {
			isa = PBXGroup;
			children = (
				4F200A281E83973800ADBC44 /* ZNUnlockCallBack.h */,
			);
			path = DelegateProtocol;
			sourceTree = "<group>";
		};
		4F200A231E8396CF00ADBC44 /* ViewClass */ = {
			isa = PBXGroup;
			children = (
				4F200A251E83971E00ADBC44 /* ZNNineGridsUnlockView.h */,
				4F200A261E83971E00ADBC44 /* ZNNineGridsUnlockView.m */,
			);
			path = ViewClass;
			sourceTree = "<group>";
		};
		4FC27EC41F441800008DAEB7 /* display */ = {
			isa = PBXGroup;
			children = (
				4FC27EC51F441800008DAEB7 /* display.gif */,
			);
			path = display;
			sourceTree = "<group>";
		};
/* End PBXGroup section */

/* Begin PBXNativeTarget section */
		4F2009F11E8395FE00ADBC44 /* ZNNineGridUnlock */ = {
			isa = PBXNativeTarget;
			buildConfigurationList = 4F200A141E8395FE00ADBC44 /* Build configuration list for PBXNativeTarget "ZNNineGridUnlock" */;
			buildPhases = (
				4F2009EE1E8395FE00ADBC44 /* Sources */,
				4F2009EF1E8395FE00ADBC44 /* Frameworks */,
				4F2009F01E8395FE00ADBC44 /* Resources */,
			);
			buildRules = (
			);
			dependencies = (
			);
			name = ZNNineGridUnlock;
			productName = ZNNineGridUnlock;
			productReference = 4F2009F21E8395FE00ADBC44 /* ZNNineGridUnlock.app */;
			productType = "com.apple.product-type.application";
		};
		4F200A0A1E8395FE00ADBC44 /* ZNNineGridUnlockUITests */ = {
			isa = PBXNativeTarget;
			buildConfigurationList = 4F200A171E8395FE00ADBC44 /* Build configuration list for PBXNativeTarget "ZNNineGridUnlockUITests" */;
			buildPhases = (
				4F200A071E8395FE00ADBC44 /* Sources */,
				4F200A081E8395FE00ADBC44 /* Frameworks */,
				4F200A091E8395FE00ADBC44 /* Resources */,
			);
			buildRules = (
			);
			dependencies = (
				4F200A0D1E8395FE00ADBC44 /* PBXTargetDependency */,
			);
			name = ZNNineGridUnlockUITests;
			productName = ZNNineGridUnlockUITests;
			productReference = 4F200A0B1E8395FE00ADBC44 /* ZNNineGridUnlockUITests.xctest */;
			productType = "com.apple.product-type.bundle.ui-testing";
		};
/* End PBXNativeTarget section */

/* Begin PBXProject section */
		4F2009EA1E8395FE00ADBC44 /* Project object */ = {
			isa = PBXProject;
			attributes = {
				LastUpgradeCheck = 0820;
				ORGANIZATIONNAME = FunctionMaker;
				TargetAttributes = {
					4F2009F11E8395FE00ADBC44 = {
						CreatedOnToolsVersion = 8.2.1;
						DevelopmentTeam = 73G2736TDH;
						ProvisioningStyle = Automatic;
					};
					4F200A0A1E8395FE00ADBC44 = {
						CreatedOnToolsVersion = 8.2.1;
						ProvisioningStyle = Automatic;
						TestTargetID = 4F2009F11E8395FE00ADBC44;
					};
				};
			};
			buildConfigurationList = 4F2009ED1E8395FE00ADBC44 /* Build configuration list for PBXProject "ZNNineGridUnlock" */;
			compatibilityVersion = "Xcode 3.2";
			developmentRegion = English;
			hasScannedForEncodings = 0;
			knownRegions = (
				en,
				Base,
			);
			mainGroup = 4F2009E91E8395FE00ADBC44;
			productRefGroup = 4F2009F31E8395FE00ADBC44 /* Products */;
			projectDirPath = "";
			projectRoot = "";
			targets = (
				4F2009F11E8395FE00ADBC44 /* ZNNineGridUnlock */,
				4F200A0A1E8395FE00ADBC44 /* ZNNineGridUnlockUITests */,
			);
		};
/* End PBXProject section */

/* Begin PBXResourcesBuildPhase section */
		4F2009F01E8395FE00ADBC44 /* Resources */ = {
			isa = PBXResourcesBuildPhase;
			buildActionMask = 2147483647;
			files = (
				4F200A051E8395FE00ADBC44 /* LaunchScreen.storyboard in Resources */,
				4FC27EC61F441800008DAEB7 /* display.gif in Resources */,
				4F200A021E8395FE00ADBC44 /* Assets.xcassets in Resources */,
				4F200A001E8395FE00ADBC44 /* Main.storyboard in Resources */,
			);
			runOnlyForDeploymentPostprocessing = 0;
		};
		4F200A091E8395FE00ADBC44 /* Resources */ = {
			isa = PBXResourcesBuildPhase;
			buildActionMask = 2147483647;
			files = (
			);
			runOnlyForDeploymentPostprocessing = 0;
		};
/* End PBXResourcesBuildPhase section */

/* Begin PBXSourcesBuildPhase section */
		4F2009EE1E8395FE00ADBC44 /* Sources */ = {
			isa = PBXSourcesBuildPhase;
			buildActionMask = 2147483647;
			files = (
				4F200A271E83971E00ADBC44 /* ZNNineGridsUnlockView.m in Sources */,
				4F200A241E8396CF00ADBC44 /* ViewController.m in Sources */,
				4F200A1D1E8396BA00ADBC44 /* AppDelegate.m in Sources */,
				4F2009F71E8395FE00ADBC44 /* main.m in Sources */,
			);
			runOnlyForDeploymentPostprocessing = 0;
		};
		4F200A071E8395FE00ADBC44 /* Sources */ = {
			isa = PBXSourcesBuildPhase;
			buildActionMask = 2147483647;
			files = (
				4F200A101E8395FE00ADBC44 /* ZNNineGridUnlockUITests.m in Sources */,
			);
			runOnlyForDeploymentPostprocessing = 0;
		};
/* End PBXSourcesBuildPhase section */

/* Begin PBXTargetDependency section */
		4F200A0D1E8395FE00ADBC44 /* PBXTargetDependency */ = {
			isa = PBXTargetDependency;
			target = 4F2009F11E8395FE00ADBC44 /* ZNNineGridUnlock */;
			targetProxy = 4F200A0C1E8395FE00ADBC44 /* PBXContainerItemProxy */;
		};
/* End PBXTargetDependency section */

/* Begin PBXVariantGroup section */
		4F2009FE1E8395FE00ADBC44 /* Main.storyboard */ = {
			isa = PBXVariantGroup;
			children = (
				4F2009FF1E8395FE00ADBC44 /* Base */,
			);
			name = Main.storyboard;
			sourceTree = "<group>";
		};
		4F200A031E8395FE00ADBC44 /* LaunchScreen.storyboard */ = {
			isa = PBXVariantGroup;
			children = (
				4F200A041E8395FE00ADBC44 /* Base */,
			);
			name = LaunchScreen.storyboard;
			sourceTree = "<group>";
		};
/* End PBXVariantGroup section */

/* Begin XCBuildConfiguration section */
		4F200A121E8395FE00ADBC44 /* Debug */ = {
			isa = XCBuildConfiguration;
			buildSettings = {
				ALWAYS_SEARCH_USER_PATHS = NO;
				CLANG_ANALYZER_NONNULL = YES;
				CLANG_CXX_LANGUAGE_STANDARD = "gnu++0x";
				CLANG_CXX_LIBRARY = "libc++";
				CLANG_ENABLE_MODULES = YES;
				CLANG_ENABLE_OBJC_ARC = YES;
				CLANG_WARN_BOOL_CONVERSION = YES;
				CLANG_WARN_CONSTANT_CONVERSION = YES;
				CLANG_WARN_DIRECT_OBJC_ISA_USAGE = YES_ERROR;
				CLANG_WARN_DOCUMENTATION_COMMENTS = YES;
				CLANG_WARN_EMPTY_BODY = YES;
				CLANG_WARN_ENUM_CONVERSION = YES;
				CLANG_WARN_INFINITE_RECURSION = YES;
				CLANG_WARN_INT_CONVERSION = YES;
				CLANG_WARN_OBJC_ROOT_CLASS = YES_ERROR;
				CLANG_WARN_SUSPICIOUS_MOVE = YES;
				CLANG_WARN_UNREACHABLE_CODE = YES;
				CLANG_WARN__DUPLICATE_METHOD_MATCH = YES;
				"CODE_SIGN_IDENTITY[sdk=iphoneos*]" = "iPhone Developer";
				COPY_PHASE_STRIP = NO;
				DEBUG_INFORMATION_FORMAT = dwarf;
				ENABLE_STRICT_OBJC_MSGSEND = YES;
				ENABLE_TESTABILITY = YES;
				GCC_C_LANGUAGE_STANDARD = gnu99;
				GCC_DYNAMIC_NO_PIC = NO;
				GCC_NO_COMMON_BLOCKS = YES;
				GCC_OPTIMIZATION_LEVEL = 0;
				GCC_PREPROCESSOR_DEFINITIONS = (
					"DEBUG=1",
					"$(inherited)",
				);
				GCC_WARN_64_TO_32_BIT_CONVERSION = YES;
				GCC_WARN_ABOUT_RETURN_TYPE = YES_ERROR;
				GCC_WARN_UNDECLARED_SELECTOR = YES;
				GCC_WARN_UNINITIALIZED_AUTOS = YES_AGGRESSIVE;
				GCC_WARN_UNUSED_FUNCTION = YES;
				GCC_WARN_UNUSED_VARIABLE = YES;
				IPHONEOS_DEPLOYMENT_TARGET = 10.2;
				MTL_ENABLE_DEBUG_INFO = YES;
				ONLY_ACTIVE_ARCH = YES;
				SDKROOT = iphoneos;
			};
			name = Debug;
		};
		4F200A131E8395FE00ADBC44 /* Release */ = {
			isa = XCBuildConfiguration;
			buildSettings = {
				ALWAYS_SEARCH_USER_PATHS = NO;
				CLANG_ANALYZER_NONNULL = YES;
				CLANG_CXX_LANGUAGE_STANDARD = "gnu++0x";
				CLANG_CXX_LIBRARY = "libc++";
				CLANG_ENABLE_MODULES = YES;
				CLANG_ENABLE_OBJC_ARC = YES;
				CLANG_WARN_BOOL_CONVERSION = YES;
				CLANG_WARN_CONSTANT_CONVERSION = YES;
				CLANG_WARN_DIRECT_OBJC_ISA_USAGE = YES_ERROR;
				CLANG_WARN_DOCUMENTATION_COMMENTS = YES;
				CLANG_WARN_EMPTY_BODY = YES;
				CLANG_WARN_ENUM_CONVERSION = YES;
				CLANG_WARN_INFINITE_RECURSION = YES;
				CLANG_WARN_INT_CONVERSION = YES;
				CLANG_WARN_OBJC_ROOT_CLASS = YES_ERROR;
				CLANG_WARN_SUSPICIOUS_MOVE = YES;
				CLANG_WARN_UNREACHABLE_CODE = YES;
				CLANG_WARN__DUPLICATE_METHOD_MATCH = YES;
				"CODE_SIGN_IDENTITY[sdk=iphoneos*]" = "iPhone Developer";
				COPY_PHASE_STRIP = NO;
				DEBUG_INFORMATION_FORMAT = "dwarf-with-dsym";
				ENABLE_NS_ASSERTIONS = NO;
				ENABLE_STRICT_OBJC_MSGSEND = YES;
				GCC_C_LANGUAGE_STANDARD = gnu99;
				GCC_NO_COMMON_BLOCKS = YES;
				GCC_WARN_64_TO_32_BIT_CONVERSION = YES;
				GCC_WARN_ABOUT_RETURN_TYPE = YES_ERROR;
				GCC_WARN_UNDECLARED_SELECTOR = YES;
				GCC_WARN_UNINITIALIZED_AUTOS = YES_AGGRESSIVE;
				GCC_WARN_UNUSED_FUNCTION = YES;
				GCC_WARN_UNUSED_VARIABLE = YES;
				IPHONEOS_DEPLOYMENT_TARGET = 10.2;
				MTL_ENABLE_DEBUG_INFO = NO;
				SDKROOT = iphoneos;
				VALIDATE_PRODUCT = YES;
			};
			name = Release;
		};
		4F200A151E8395FE00ADBC44 /* Debug */ = {
			isa = XCBuildConfiguration;
			buildSettings = {
				ASSETCATALOG_COMPILER_APPICON_NAME = AppIcon;
				DEVELOPMENT_TEAM = 73G2736TDH;
				INFOPLIST_FILE = ZNNineGridUnlock/Info.plist;
				IPHONEOS_DEPLOYMENT_TARGET = 8;
				LD_RUNPATH_SEARCH_PATHS = "$(inherited) @executable_path/Frameworks";
				PRODUCT_BUNDLE_IDENTIFIER = com.ifox.ZNNineGridUnlock;
				PRODUCT_NAME = "$(TARGET_NAME)";
			};
			name = Debug;
		};
		4F200A161E8395FE00ADBC44 /* Release */ = {
			isa = XCBuildConfiguration;
			buildSettings = {
				ASSETCATALOG_COMPILER_APPICON_NAME = AppIcon;
				DEVELOPMENT_TEAM = 73G2736TDH;
				INFOPLIST_FILE = ZNNineGridUnlock/Info.plist;
				IPHONEOS_DEPLOYMENT_TARGET = 8;
				LD_RUNPATH_SEARCH_PATHS = "$(inherited) @executable_path/Frameworks";
				PRODUCT_BUNDLE_IDENTIFIER = com.ifox.ZNNineGridUnlock;
				PRODUCT_NAME = "$(TARGET_NAME)";
			};
			name = Release;
		};
		4F200A181E8395FE00ADBC44 /* Debug */ = {
			isa = XCBuildConfiguration;
			buildSettings = {
				INFOPLIST_FILE = ZNNineGridUnlockUITests/Info.plist;
				LD_RUNPATH_SEARCH_PATHS = "$(inherited) @executable_path/Frameworks @loader_path/Frameworks";
				PRODUCT_BUNDLE_IDENTIFIER = com.ifox.ZNNineGridUnlockUITests;
				PRODUCT_NAME = "$(TARGET_NAME)";
				TEST_TARGET_NAME = ZNNineGridUnlock;
			};
			name = Debug;
		};
		4F200A191E8395FE00ADBC44 /* Release */ = {
			isa = XCBuildConfiguration;
			buildSettings = {
				INFOPLIST_FILE = ZNNineGridUnlockUITests/Info.plist;
				LD_RUNPATH_SEARCH_PATHS = "$(inherited) @executable_path/Frameworks @loader_path/Frameworks";
				PRODUCT_BUNDLE_IDENTIFIER = com.ifox.ZNNineGridUnlockUITests;
				PRODUCT_NAME = "$(TARGET_NAME)";
				TEST_TARGET_NAME = ZNNineGridUnlock;
			};
			name = Release;
		};
/* End XCBuildConfiguration section */

/* Begin XCConfigurationList section */
		4F2009ED1E8395FE00ADBC44 /* Build configuration list for PBXProject "ZNNineGridUnlock" */ = {
			isa = XCConfigurationList;
			buildConfigurations = (
				4F200A121E8395FE00ADBC44 /* Debug */,
				4F200A131E8395FE00ADBC44 /* Release */,
			);
			defaultConfigurationIsVisible = 0;
			defaultConfigurationName = Release;
		};
		4F200A141E8395FE00ADBC44 /* Build configuration list for PBXNativeTarget "ZNNineGridUnlock" */ = {
			isa = XCConfigurationList;
			buildConfigurations = (
				4F200A151E8395FE00ADBC44 /* Debug */,
				4F200A161E8395FE00ADBC44 /* Release */,
			);
			defaultConfigurationIsVisible = 0;
			defaultConfigurationName = Release;
		};
		4F200A171E8395FE00ADBC44 /* Build configuration list for PBXNativeTarget "ZNNineGridUnlockUITests" */ = {
			isa = XCConfigurationList;
			buildConfigurations = (
				4F200A181E8395FE00ADBC44 /* Debug */,
				4F200A191E8395FE00ADBC44 /* Release */,
			);
			defaultConfigurationIsVisible = 0;
			defaultConfigurationName = Release;
		};
/* End XCConfigurationList section */
	};
	rootObject = 4F2009EA1E8395FE00ADBC44 /* Project object */;
}
